{
    "_meta": {
        "hash": {
            "sha256": "cd139cb00ff3d29b646a9744d996b18f8de9fd5d659c44799ef17bea4774b5e9"
        },
        "pipfile-spec": 6,
        "requires": {
            "python_full_version": "3.13.10",
            "python_version": "3.13"
        },
        "sources": [
            {
                "name": "pypi",
                "url": "https://pypi.org/simple",
                "verify_ssl": true
            }
        ]
    },
    "default": {
        "affine": {
            "hashes": [
                "sha256:8a3df80e2b2378aef598a83c1392efd47967afec4242021a0b06b4c7cbc61a92",
                "sha256:a24d818d6a836c131976d22f8c27b8d3ca32d0af64c1d8d29deb7bafa4da1eea"
            ],
            "markers": "python_version >= '3.7'",
            "version": "==2.4.0"
        },
        "attrs": {
            "hashes": [
                "sha256:16d5969b87f0859ef33a48b35d55ac1be6e42ae49d5e853b597db70c35c57e11",
                "sha256:adcf7e2a1fb3b36ac48d97835bb6d8ade15b8dcce26aba8bf1d14847b57a3373"
            ],
            "markers": "python_version >= '3.9'",
            "version": "==25.4.0"
        },
        "certifi": {
            "hashes": [
                "sha256:97de8790030bbd5c2d96b7ec782fc2f7820ef8dba6db909ccf95449f2d062d4b",
                "sha256:d8ab5478f2ecd78af242878415affce761ca6bc54a22a27e026d7c25357c3316"
            ],
            "markers": "python_version >= '3.7'",
            "version": "==2025.11.12"
        },
        "click": {
            "hashes": [
                "sha256:12ff4785d337a1bb490bb7e9c2b1ee5da3112e94a8622f26a6c77f5d2fc6842a",
                "sha256:981153a64e25f12d547d3426c367a4857371575ee7ad18df2a6183ab0545b2a6"
            ],
            "markers": "python_version >= '3.10'",
            "version": "==8.3.1"
        },
        "click-plugins": {
            "hashes": [
                "sha256:008d65743833ffc1f5417bf0e78e8d2c23aab04d9745ba817bd3e71b0feb6aa6",
                "sha256:d7af3984a99d243c131aa1a828331e7630f4a88a9741fd05c927b204bcf92261"
            ],
            "version": "==1.1.1.2"
        },
        "cligj": {
            "hashes": [
                "sha256:a4bc13d623356b373c2c27c53dbd9c68cae5d526270bfa71f6c6fa69669c6b27",
                "sha256:c1ca117dbce1fe20a5809dc96f01e1c2840f6dcc939b3ddbb1111bf330ba82df"
            ],
            "markers": "python_version >= '2.7' and python_version not in '3.0, 3.1, 3.2' and python_version < '4'",
            "version": "==0.7.2"
        },
        "numpy": {
            "hashes": [
                "sha256:00dc4e846108a382c5869e77c6ed514394bdeb3403461d25a829711041217d5b",
                "sha256:0472f11f6ec23a74a906a00b48a4dcf3849209696dff7c189714511268d103ae",
                "sha256:04822c00b5fd0323c8166d66c701dc31b7fbd252c100acd708c48f763968d6a3",
                "sha256:052e8c42e0c49d2575621c158934920524f6c5da05a1d3b9bab5d8e259e045f0",
                "sha256:09a1bea522b25109bf8e6f3027bd810f7c1085c64a0c7ce050c1676ad0ba010b",
                "sha256:0cd00b7b36e35398fa2d16af7b907b65304ef8bb4817a550e06e5012929830fa",
                "sha256:0d8163f43acde9a73c2a33605353a4f1bc4798745a8b1d73183b28e5b435ae28",
                "sha256:1062fde1dcf469571705945b0f221b73928f34a20c904ffb45db101907c3454e",
                "sha256:11e06aa0af8c0f05104d56450d6093ee639e15f24ecf62d417329d06e522e017",
                "sha256:17531366a2e3a9e30762c000f2c43a9aaa05728712e25c11ce1dbe700c53ad41",
                "sha256:1978155dd49972084bd6ef388d66ab70f0c323ddee6f693d539376498720fb7e",
                "sha256:1ed1ec893cff7040a02c8aa1c8611b94d395590d553f6b53629a4461dc7f7b63",
                "sha256:2dcd0808a421a482a080f89859a18beb0b3d1e905b81e617a188bd80422d62e9",
                "sha256:2e2eb32ddb9ccb817d620ac1d8dae7c3f641c1e5f55f531a33e8ab97960a75b8",
                "sha256:2feae0d2c91d46e59fcd62784a3a83b3fb677fead592ce51b5a6fbb4f95965ff",
                "sha256:3095bdb8dd297e5920b010e96134ed91d852d81d490e787beca7e35ae1d89cf7",
                "sha256:30bc11310e8153ca664b14c5f1b73e94bd0503681fcf136a163de856f3a50139",
                "sha256:3101e5177d114a593d79dd79658650fe28b5a0d8abeb8ce6f437c0e6df5be1a4",
                "sha256:396084a36abdb603546b119d96528c2f6263921c50df3c8fd7cb28873a237748",
                "sha256:3997b5b3c9a771e157f9aae01dd579ee35ad7109be18db0e85dbdbe1de06e952",
                "sha256:414802f3b97f3c1eef41e530aaba3b3c1620649871d8cb38c6eaff034c2e16bd",
                "sha256:51c1e14eb1e154ebd80e860722f9e6ed6ec89714ad2db2d3aa33c31d7c12179b",
                "sha256:51c55fe3451421f3a6ef9a9c1439e82101c57a2c9eab9feb196a62b1a10b58ce",
                "sha256:5ee6609ac3604fa7780e30a03e5e241a7956f8e2fcfe547d51e3afa5247ac47f",
                "sha256:612a95a17655e213502f60cfb9bf9408efdc9eb1d5f50535cc6eb365d11b42b5",
                "sha256:6203fdf9f3dc5bdaed7319ad8698e685c7a3be10819f41d32a0723e611733b42",
                "sha256:63c0e9e7eea69588479ebf4a8a270d5ac22763cc5854e9a7eae952a3908103f7",
                "sha256:66f85ce62c70b843bab1fb14a05d5737741e74e28c7b8b5a064de10142fad248",
                "sha256:6cf9b429b21df6b99f4dee7a1218b8b7ffbbe7df8764dc0bd60ce8a0708fed1e",
                "sha256:70b37199913c1bd300ff6e2693316c6f869c7ee16378faf10e4f5e3275b299c3",
                "sha256:727fd05b57df37dc0bcf1a27767a3d9a78cbbc92822445f32cc3436ba797337b",
                "sha256:74ae7b798248fe62021dbf3c914245ad45d1a6b0cb4a29ecb4b31d0bfbc4cc3e",
                "sha256:784db1dcdab56bf0517743e746dfb0f885fc68d948aba86eeec2cba234bdf1c0",
                "sha256:86945f2ee6d10cdfd67bcb4069c1662dd711f7e2a4343db5cecec06b87cf31aa",
                "sha256:86d835afea1eaa143012a2d7a3f45a3adce2d7adc8b4961f0b362214d800846a",
                "sha256:872a5cf366aec6bb1147336480fef14c9164b154aeb6542327de4970282cd2f5",
                "sha256:8b973c57ff8e184109db042c842423ff4f60446239bd585a5131cc47f06f789d",
                "sha256:8cba086a43d54ca804ce711b2a940b16e452807acebe7852ff327f1ecd49b0d4",
                "sha256:8f7f0e05112916223d3f438f293abf0727e1181b5983f413dfa2fefc4098245c",
                "sha256:900218e456384ea676e24ea6a0417f030a3b07306d29d7ad843957b40a9d8d52",
                "sha256:93eebbcf1aafdf7e2ddd44c2923e2672e1010bddc014138b229e49725b4d6be5",
                "sha256:9c75442b2209b8470d6d5d8b1c25714270686f14c749028d2199c54e29f20b4d",
                "sha256:9ee2197ef8c4f0dfe405d835f3b6a14f5fee7782b5de51ba06fb65fc9b36e9f1",
                "sha256:a414504bef8945eae5f2d7cb7be2d4af77c5d1cb5e20b296c2c25b61dff2900c",
                "sha256:a4b9159734b326535f4dd01d947f919c6eefd2d9827466a696c44ced82dfbc18",
                "sha256:a80afd79f45f3c4a7d341f13acbe058d1ca8ac017c165d3fa0d3de6bc1a079d7",
                "sha256:aa5bc7c5d59d831d9773d1170acac7893ce3a5e130540605770ade83280e7188",
                "sha256:acfd89508504a19ed06ef963ad544ec6664518c863436306153e13e94605c218",
                "sha256:aeffcab3d4b43712bb7a60b65f6044d444e75e563ff6180af8f98dd4b905dfd2",
                "sha256:afaffc4393205524af9dfa400fa250143a6c3bc646c08c9f5e25a9f4b4d6a903",
                "sha256:b0c7088a73aef3d687c4deef8452a3ac7c1be4e29ed8bf3b366c8111128ac60c",
                "sha256:b46b4ec24f7293f23adcd2d146960559aaf8020213de8ad1909dba6c013bf89c",
                "sha256:b501b5fa195cc9e24fe102f21ec0a44dffc231d2af79950b451e0d99cea02234",
                "sha256:bf06bc2af43fa8d32d30fae16ad965663e966b1a3202ed407b84c989c3221e82",
                "sha256:c804e3a5aba5460c73955c955bdbd5c08c354954e9270a2c1565f62e866bdc39",
                "sha256:c8a9958e88b65c3b27e22ca2a076311636850b612d6bbfb76e8d156aacde2aaf",
                "sha256:cc0a57f895b96ec78969c34f682c602bf8da1a0270b09bc65673df2e7638ec20",
                "sha256:cc8920d2ec5fa99875b670bb86ddeb21e295cb07aa331810d9e486e0b969d946",
                "sha256:ccc933afd4d20aad3c00bcef049cb40049f7f196e0397f1109dba6fed63267b0",
                "sha256:ce581db493ea1a96c0556360ede6607496e8bf9b3a8efa66e06477267bc831e9",
                "sha256:d0f23b44f57077c1ede8c5f26b30f706498b4862d3ff0a7298b8411dd2f043ff",
                "sha256:d21644de1b609825ede2f48be98dfde4656aefc713654eeee280e37cadc4e0ad",
                "sha256:d6889ec4ec662a1a37eb4b4fb26b6100841804dac55bd9df579e326cdc146227",
                "sha256:de5672f4a7b200c15a4127042170a694d4df43c992948f5e1af57f0174beed10",
                "sha256:e6a0bc88393d65807d751a614207b7129a310ca4fe76a74e5c7da5fa5671417e",
                "sha256:ed89927b86296067b4f81f108a2271d8926467a8868e554eaf370fc27fa3ccaf",
                "sha256:ee3888d9ff7c14604052b2ca5535a30216aa0a58e948cdd3eeb8d3415f638769",
                "sha256:f0963b55cdd70fad460fa4c1341f12f976bb26cb66021a5580329bd498988310",
                "sha256:f16417ec91f12f814b10bafe79ef77e70113a2f5f7018640e7425ff979253425",
                "sha256:f28620fe26bee16243be2b7b874da327312240a7cdc38b769a697578d2100013",
                "sha256:f4255143f5160d0de972d28c8f9665d882b5f61309d8362fdd3e103cf7bf010c",
                "sha256:ffac52f28a7849ad7576293c0cb7b9f08304e8f7d738a8cb8a90ec4c55a998eb",
                "sha256:ffe22d2b05504f786c867c8395de703937f934272eb67586817b46188b4ded6d",
                "sha256:fffe29a1ef00883599d1dc2c51aa2e5d80afe49523c261a74933df395c15c520"
            ],
            "markers": "python_version >= '3.11'",
            "version": "==2.3.5"
        },
        "pyparsing": {
            "hashes": [
                "sha256:2df8d5b7b2802ef88e8d016a2eb9c7aeaa923529cd251ed0fe4608275d4105b6",
                "sha256:e38a4f02064cf41fe6593d328d0512495ad1f3d8a91c4f73fc401b3079a59a5e"
            ],
            "markers": "python_version >= '3.9'",
            "version": "==3.2.5"
        },
        "pyproj": {
            "hashes": [
                "sha256:0a9bb26a6356fb5b033433a6d1b4542158fb71e3c51de49b4c318a1dff3aeaab",
                "sha256:0b7cb633565129677b2a183c4d807c727d1c736fcb0568a12299383056e67433",
                "sha256:11614a054cd86a2ed968a657d00987a86eeb91fdcbd9ad3310478685dc14a128",
                "sha256:1914e29e27933ba6f9822663ee0600f169014a2859f851c054c88cf5ea8a333c",
                "sha256:19466e529b1b15eeefdf8ff26b06fa745856c044f2f77bf0edbae94078c1dfa1",
                "sha256:1edc34266c0c23ced85f95a1ee8b47c9035eae6aca5b6b340327250e8e281630",
                "sha256:237499c7862c578d0369e2b8ac56eec550e391a025ff70e2af8417139dabb41c",
                "sha256:2514d61f24c4e0bb9913e2c51487ecdaeca5f8748d8313c933693416ca41d4d5",
                "sha256:25b0b7cb0042444c29a164b993c45c1b8013d6c48baa61dc1160d834a277e83b",
                "sha256:281cb92847814e8018010c48b4069ff858a30236638631c1a91dd7bfa68f8a8a",
                "sha256:2aaa328605ace41db050d06bac1adc11f01b71fe95c18661497763116c3a0f02",
                "sha256:2b617d573be4118c11cd96b8891a0b7f65778fa7733ed8ecdb297a447d439100",
                "sha256:2da731876d27639ff9d2d81c151f6ab90a1546455fabd93368e753047be344a2",
                "sha256:35dccbce8201313c596a970fde90e33605248b66272595c061b511c8100ccc08",
                "sha256:38b08d85e3a38e455625b80e9eb9f78027c8e2649a21dec4df1f9c3525460c71",
                "sha256:39a0cf1ecc7e282d1d30f36594ebd55c9fae1fda8a2622cee5d100430628f88c",
                "sha256:47d87db2d2c436c5fd0409b34d70bb6cdb875cca2ebe7a9d1c442367b0ab8d59",
                "sha256:509a146d1398bafe4f53273398c3bb0b4732535065fa995270e52a9d3676bca3",
                "sha256:5141a538ffdbe4bfd157421828bb2e07123a90a7a2d6f30fa1462abcfb5ce681",
                "sha256:55a3610d75023c7b1c6e583e48ef8f62918e85a2ae81300569d9f104d6684bb6",
                "sha256:567caa03021178861fad27fabde87500ec6d2ee173dd32f3e2d9871e40eebd68",
                "sha256:5a964da1696b8522806f4276ab04ccfff8f9eb95133a92a25900697609d40112",
                "sha256:5aff3343038d7426aa5076f07feb88065f50e0502d1b0d7c22ddfdd2c75a3f81",
                "sha256:5e26484d80fea56273ed1555abaea161e9661d81a6c07815d54b8e883d4ceb25",
                "sha256:77f066626030f41be543274f5ac79f2a511fe89860ecd0914f22131b40a0ec25",
                "sha256:8115faf2597f281a42ab608ceac346b4eb1383d3b45ab474fd37341c4bf82a67",
                "sha256:85def3a6388e9ba51f964619aa002a9d2098e77c6454ff47773bb68871024281",
                "sha256:8693ca3892d82e70de077701ee76dd13d7bca4ae1c9d1e739d72004df015923a",
                "sha256:8c225f5978abd506fd9a78eaaf794435e823c9156091cabaab5374efb29d7f69",
                "sha256:8d7349182fa622696787cc9e195508d2a41a64765da9b8a6bee846702b9e6220",
                "sha256:9c8577f0b7bb09118ec2e57e3babdc977127dd66326d6c5d755c76b063e6d9dc",
                "sha256:a23f59904fac3a5e7364b3aa44d288234af267ca041adb2c2b14a903cd5d3ac5",
                "sha256:aa9f26c21bc0e2dc3d224cb1eb4020cf23e76af179a7c66fea49b828611e4260",
                "sha256:b0552178c61f2ac1c820d087e8ba6e62b29442debddbb09d51c4bf8acc84d888",
                "sha256:b1bccefec3875ab81eabf49059e2b2ea77362c178b66fd3528c3e4df242f1516",
                "sha256:b3d99ed57d319da042f175f4554fc7038aa4bcecc4ac89e217e350346b742c9d",
                "sha256:b7544e0a3d6339dc9151e9c8f3ea62a936ab7cc446a806ec448bbe86aebb979b",
                "sha256:bb41c29d5f60854b1075853fe80c58950b398d4ebb404eb532536ac8d2834ed7",
                "sha256:bbbac2f930c6d266f70ec75df35ef851d96fdb3701c674f42fd23a9314573b37",
                "sha256:c203101d1dc3c038a56cff0447acc515dd29d6e14811406ac539c21eed422b2a",
                "sha256:c79b9b84c4a626c5dc324c0d666be0bfcebd99f7538d66e8898c2444221b3da7",
                "sha256:c9b6f1d8ad3e80a0ee0903a778b6ece7dca1d1d40f6d114ae01bc8ddbad971aa",
                "sha256:ceecf374cacca317bc09e165db38ac548ee3cad07c3609442bd70311c59c21aa",
                "sha256:d230b186eb876ed4f29a7c5ee310144c3a0e44e89e55f65fb3607e13f6db337c",
                "sha256:d27b48f0e81beeaa2b4d60c516c3a1cfbb0c7ff6ef71256d8e9c07792f735279",
                "sha256:d5371ca114d6990b675247355a801925814eca53e6c4b2f1b5c0a956336ee36e",
                "sha256:d9d25bae416a24397e0d85739f84d323b55f6511e45a522dd7d7eae70d10c7e4",
                "sha256:e258ab4dbd3cf627809067c0ba8f9884ea76c8e5999d039fb37a1619c6c3e1f6",
                "sha256:f000841e98ea99acbb7b8ca168d67773b0191de95187228a16110245c5d954d5",
                "sha256:f18c0579dd6be00b970cb1a6719197fceecc407515bab37da0066f0184aafdf3",
                "sha256:f2af4ed34b2cf3e031a2d85b067a3ecbd38df073c567e04b52fa7a0202afde8a",
                "sha256:f54d91ae18dd23b6c0ab48126d446820e725419da10617d86a1b69ada6d881d3",
                "sha256:f7f5133dca4c703e8acadf6f30bc567d39a42c6af321e7f81975c2518f3ed357",
                "sha256:f9428b318530625cb389b9ddc9c51251e172808a4af79b82809376daaeabe5e9",
                "sha256:fc52ba896cfc3214dc9f9ca3c0677a623e8fdd096b257c14a31e719d21ff3fdd"
            ],
            "markers": "python_version >= '3.11'",
            "version": "==3.7.2"
        },
        "rasterio": {
            "hashes": [
                "sha256:1839960e2f3057a6daa323ccf67b330f8f2f0dbd4a50cc7031e88e649301c5c0",
                "sha256:1a6e6ca9ec361599b48c9918ce25adb1a9203b8c8ca9b34ad78dccb3aef7945a",
                "sha256:201f05dbc7c4739dacb2c78a1cf4e09c0b7265b0a4d16ccbd1753ce4f2af350a",
                "sha256:38a126f8dbf405cd3450b5bd10c6cc493a2e1be4cf83442d26f5e4f412372d36",
                "sha256:3f411a6a5bcb81ab6dc9128a8bccd13d3822cfa4a50c239e3a0528751a1ad5fc",
                "sha256:4009f7ce4e0883d8e5b400970daa3f1ca309caac8916d955722ee4486654d452",
                "sha256:54eef32d20a0dfbba59a8bb9828e562c3e9e97e2355b8dfe4a5274117976059f",
                "sha256:597f8dcf494d0ca4254434496e83b1723fec206d23d64da5751a582a2b01e1d3",
                "sha256:5b8a4311582274de2346450e5361d092b80b8b5c7b02fda6203402ba101ffabf",
                "sha256:5d4fcb635379b3d7b2f5e944c153849e3d27e93f35ad73ad4d3f0b8a580f0c8e",
                "sha256:80f994b92e5dda78f13291710bd5c43efcfd164f69a8a2c20489115df9d178c8",
                "sha256:812c854e7177064aeb58def2d59752887ad6b3d39ff3f858ed9df3f2ddc95613",
                "sha256:8e90c2c300294265c16becc9822337ded0f01fb8664500b4d77890d633d8cd0e",
                "sha256:98a9c89eade8c779e8ac1e525269faaa18c6b9818fc3c72cfc4627df71c66d0d",
                "sha256:9c30114d95ebba4ff49f078b3c193d29ff56d832588649400a3fa78f1dda1c96",
                "sha256:a702e21712ba237e34515d829847f9f5f06d8e665e864a7bb0a3d4d8f6dec10d",
                "sha256:a962ad4c29feaf38b1d7a94389313127de3646a5b9b734fbf9a04e16051a27ff",
                "sha256:af04f788f6f814569184bd9da6c5d9889512212385ab58c52720dfb1f972671d",
                "sha256:d9bab1a0bb22b8bed1db34b5258db93d790ed4e61ef21ac055a7c6933c8d5e84",
                "sha256:e703e4b2c74c678786d5d110a3f30e26f3acfd65f09ccf35f69683a532f7a772",
                "sha256:e79847a5a0e01399457a1e02d8c92040cb56729d054fe7796f0c17b246b18bf0"
            ],
            "markers": "python_version >= '3.9'",
            "version": "==1.4.3"
        },
        "setuptools": {
            "hashes": [
                "sha256:062d34222ad13e0cc312a4c02d73f059e86a4acbfbdea8f8f76b28c99f306922",
                "sha256:f36b47402ecde768dbfafc46e8e4207b4360c654f1f3bb84475f0a28628fb19c"
            ],
            "index": "pypi",
            "markers": "python_version >= '3.9'",
            "version": "==80.9.0"
        },
        "unexecore": {
            "file": "packages/unexecore-1.0.0.4-py3-none-any.whl",
            "hashes": [
                "sha256:fc1c4affbabf454e7e0c69770bf1db9dd6358035ce648a3558e3de77e647f968"
            ]
        }
    },
    "develop": {}
}
